
Microsoft Visual Studio Solution File, Format Version 12.00
# Visual Studio 15
VisualStudioVersion = 15.0.27130.2010
MinimumVisualStudioVersion = 10.0.40219.1
Project("{9A19103F-16F7-4668-BE54-9A1E7A4F7556}") = "WebApi", "WebApi\WebApi.csproj", "{6AB592C4-E467-4DB9-B99E-0481DFAB88D5}"
EndProject
Project("{9A19103F-16F7-4668-BE54-9A1E7A4F7556}") = "CommonLib", "CommonLib\CommonLib.csproj", "{DC68C7D9-5557-4260-B525-611C92607C59}"
EndProject
Project("{2150E333-8FDC-42A3-9474-1A3956D46DE8}") = "ServiceLayer", "ServiceLayer", "{379F5DA0-78D0-4399-8C68-D1C025515A86}"
EndProject
Project("{9A19103F-16F7-4668-BE54-9A1E7A4F7556}") = "EmergencyAccount", "EmergencyAccount\EmergencyAccount.csproj", "{FAD8E7E4-ECD8-4A01-9D2E-41B28DB1CD66}"
EndProject
Project("{9A19103F-16F7-4668-BE54-9A1E7A4F7556}") = "EmergencyBaseService", "EmergencyBaseService\EmergencyBaseService.csproj", "{2759CB20-A374-4389-8AB8-244AE94D279D}"
EndProject
Project("{9A19103F-16F7-4668-BE54-9A1E7A4F7556}") = "EmergencyData", "EmergencyData\EmergencyData.csproj", "{4E09EB16-DDC1-4D9F-8F7C-0B1D92433D0F}"
EndProject
Project("{FAE04EC0-301F-11D3-BF4B-00C04F79EFBC}") = "EmergencyCompany", "EmergencyCompany\EmergencyCompany.csproj", "{54CF3BF9-AC1B-448C-A485-EC5E0EB8C066}"
EndProject
Project("{FAE04EC0-301F-11D3-BF4B-00C04F79EFBC}") = "EmergencyEntity", "EmergencyEntity\EmergencyEntity.csproj", "{7B339C26-86B7-431B-BE91-D54272CA881D}"
EndProject
Global
	GlobalSection(SolutionConfigurationPlatforms) = preSolution
		Debug|Any CPU = Debug|Any CPU
		Release|Any CPU = Release|Any CPU
	EndGlobalSection
	GlobalSection(ProjectConfigurationPlatforms) = postSolution
		{6AB592C4-E467-4DB9-B99E-0481DFAB88D5}.Debug|Any CPU.ActiveCfg = Debug|Any CPU
		{6AB592C4-E467-4DB9-B99E-0481DFAB88D5}.Debug|Any CPU.Build.0 = Debug|Any CPU
		{6AB592C4-E467-4DB9-B99E-0481DFAB88D5}.Release|Any CPU.ActiveCfg = Release|Any CPU
		{6AB592C4-E467-4DB9-B99E-0481DFAB88D5}.Release|Any CPU.Build.0 = Release|Any CPU
		{DC68C7D9-5557-4260-B525-611C92607C59}.Debug|Any CPU.ActiveCfg = Debug|Any CPU
		{DC68C7D9-5557-4260-B525-611C92607C59}.Debug|Any CPU.Build.0 = Debug|Any CPU
		{DC68C7D9-5557-4260-B525-611C92607C59}.Release|Any CPU.ActiveCfg = Release|Any CPU
		{DC68C7D9-5557-4260-B525-611C92607C59}.Release|Any CPU.Build.0 = Release|Any CPU
		{FAD8E7E4-ECD8-4A01-9D2E-41B28DB1CD66}.Debug|Any CPU.ActiveCfg = Debug|Any CPU
		{FAD8E7E4-ECD8-4A01-9D2E-41B28DB1CD66}.Debug|Any CPU.Build.0 = Debug|Any CPU
		{FAD8E7E4-ECD8-4A01-9D2E-41B28DB1CD66}.Release|Any CPU.ActiveCfg = Release|Any CPU
		{FAD8E7E4-ECD8-4A01-9D2E-41B28DB1CD66}.Release|Any CPU.Build.0 = Release|Any CPU
		{2759CB20-A374-4389-8AB8-244AE94D279D}.Debug|Any CPU.ActiveCfg = Debug|Any CPU
		{2759CB20-A374-4389-8AB8-244AE94D279D}.Debug|Any CPU.Build.0 = Debug|Any CPU
		{2759CB20-A374-4389-8AB8-244AE94D279D}.Release|Any CPU.ActiveCfg = Release|Any CPU
		{2759CB20-A374-4389-8AB8-244AE94D279D}.Release|Any CPU.Build.0 = Release|Any CPU
		{4E09EB16-DDC1-4D9F-8F7C-0B1D92433D0F}.Debug|Any CPU.ActiveCfg = Debug|Any CPU
		{4E09EB16-DDC1-4D9F-8F7C-0B1D92433D0F}.Debug|Any CPU.Build.0 = Debug|Any CPU
		{4E09EB16-DDC1-4D9F-8F7C-0B1D92433D0F}.Release|Any CPU.ActiveCfg = Release|Any CPU
		{4E09EB16-DDC1-4D9F-8F7C-0B1D92433D0F}.Release|Any CPU.Build.0 = Release|Any CPU
		{54CF3BF9-AC1B-448C-A485-EC5E0EB8C066}.Debug|Any CPU.ActiveCfg = Debug|Any CPU
		{54CF3BF9-AC1B-448C-A485-EC5E0EB8C066}.Debug|Any CPU.Build.0 = Debug|Any CPU
		{54CF3BF9-AC1B-448C-A485-EC5E0EB8C066}.Release|Any CPU.ActiveCfg = Release|Any CPU
		{54CF3BF9-AC1B-448C-A485-EC5E0EB8C066}.Release|Any CPU.Build.0 = Release|Any CPU
		{7B339C26-86B7-431B-BE91-D54272CA881D}.Debug|Any CPU.ActiveCfg = Debug|Any CPU
		{7B339C26-86B7-431B-BE91-D54272CA881D}.Debug|Any CPU.Build.0 = Debug|Any CPU
		{7B339C26-86B7-431B-BE91-D54272CA881D}.Release|Any CPU.ActiveCfg = Release|Any CPU
		{7B339C26-86B7-431B-BE91-D54272CA881D}.Release|Any CPU.Build.0 = Release|Any CPU
	EndGlobalSection
	GlobalSection(SolutionProperties) = preSolution
		HideSolutionNode = FALSE
	EndGlobalSection
	GlobalSection(NestedProjects) = preSolution
		{FAD8E7E4-ECD8-4A01-9D2E-41B28DB1CD66} = {379F5DA0-78D0-4399-8C68-D1C025515A86}
		{2759CB20-A374-4389-8AB8-244AE94D279D} = {379F5DA0-78D0-4399-8C68-D1C025515A86}
		{4E09EB16-DDC1-4D9F-8F7C-0B1D92433D0F} = {379F5DA0-78D0-4399-8C68-D1C025515A86}
		{54CF3BF9-AC1B-448C-A485-EC5E0EB8C066} = {379F5DA0-78D0-4399-8C68-D1C025515A86}
		{7B339C26-86B7-431B-BE91-D54272CA881D} = {379F5DA0-78D0-4399-8C68-D1C025515A86}
	EndGlobalSection
	GlobalSection(ExtensibilityGlobals) = postSolution
		SolutionGuid = {D4046EA0-2D26-41E5-BD44-531477E84C8E}
	EndGlobalSection
EndGlobal
